
Microsoft Visual Studio Solution File, Format Version 12.00
# Visual Studio Version 17
VisualStudioVersion = 17.13.35825.156
MinimumVisualStudioVersion = 10.0.40219.1
Project("{FAE04EC0-301F-11D3-BF4B-00C04F79EFBC}") = "Data", "Data\Data.csproj", "{B78D095A-1CD8-4034-A84B-E5051A2077F5}"
EndProject
Project("{FAE04EC0-301F-11D3-BF4B-00C04F79EFBC}") = "Service", "Service\Service.csproj", "{C6BC5B3C-1555-4471-9AB5-48E292B19586}"
EndProject
Project("{FAE04EC0-301F-11D3-BF4B-00C04F79EFBC}") = "Ui.Asp.Mvc", "Ui.Asp.Mvc\Ui.Asp.Mvc.csproj", "{E213E5CF-D737-4FFB-B171-B27F3BE99E9E}"
EndProject
Global
	GlobalSection(SolutionConfigurationPlatforms) = preSolution
		Debug|Any CPU = Debug|Any CPU
		Release|Any CPU = Release|Any CPU
	EndGlobalSection
	GlobalSection(ProjectConfigurationPlatforms) = postSolution
		{B78D095A-1CD8-4034-A84B-E5051A2077F5}.Debug|Any CPU.ActiveCfg = Debug|Any CPU
		{B78D095A-1CD8-4034-A84B-E5051A2077F5}.Debug|Any CPU.Build.0 = Debug|Any CPU
		{B78D095A-1CD8-4034-A84B-E5051A2077F5}.Release|Any CPU.ActiveCfg = Release|Any CPU
		{B78D095A-1CD8-4034-A84B-E5051A2077F5}.Release|Any CPU.Build.0 = Release|Any CPU
		{C6BC5B3C-1555-4471-9AB5-48E292B19586}.Debug|Any CPU.ActiveCfg = Debug|Any CPU
		{C6BC5B3C-1555-4471-9AB5-48E292B19586}.Debug|Any CPU.Build.0 = Debug|Any CPU
		{C6BC5B3C-1555-4471-9AB5-48E292B19586}.Release|Any CPU.ActiveCfg = Release|Any CPU
		{C6BC5B3C-1555-4471-9AB5-48E292B19586}.Release|Any CPU.Build.0 = Release|Any CPU
		{E213E5CF-D737-4FFB-B171-B27F3BE99E9E}.Debug|Any CPU.ActiveCfg = Debug|Any CPU
		{E213E5CF-D737-4FFB-B171-B27F3BE99E9E}.Debug|Any CPU.Build.0 = Debug|Any CPU
		{E213E5CF-D737-4FFB-B171-B27F3BE99E9E}.Release|Any CPU.ActiveCfg = Release|Any CPU
		{E213E5CF-D737-4FFB-B171-B27F3BE99E9E}.Release|Any CPU.Build.0 = Release|Any CPU
	EndGlobalSection
	GlobalSection(SolutionProperties) = preSolution
		HideSolutionNode = FALSE
	EndGlobalSection
	GlobalSection(ExtensibilityGlobals) = postSolution
		SolutionGuid = {E23D8DC8-9BBA-41B8-9B43-22BA565C306C}
	EndGlobalSection
EndGlobal
